// !$*UTF8*$!
{
	archiveVersion = 1;
	classes = {
	};
	objectVersion = 46;
	objects = {

/* Begin PBXBuildFile section */
		2B209DB04E3F16EAB7934CBD /* Pods_TindableViewSample.framework in Frameworks */ = {isa = PBXBuildFile; fileRef = 641CB612364A1D3FC8BFF008 /* Pods_TindableViewSample.framework */; };
		D28E5F481E01B1BE00F98358 /* AppDelegate.swift in Sources */ = {isa = PBXBuildFile; fileRef = D28E5F471E01B1BE00F98358 /* AppDelegate.swift */; };
		D28E5F4A1E01B1BE00F98358 /* ViewController.swift in Sources */ = {isa = PBXBuildFile; fileRef = D28E5F491E01B1BE00F98358 /* ViewController.swift */; };
		D28E5F4F1E01B1BE00F98358 /* Assets.xcassets in Resources */ = {isa = PBXBuildFile; fileRef = D28E5F4E1E01B1BE00F98358 /* Assets.xcassets */; };
		D28E5F521E01B1BE00F98358 /* LaunchScreen.storyboard in Resources */ = {isa = PBXBuildFile; fileRef = D28E5F501E01B1BE00F98358 /* LaunchScreen.storyboard */; };
		D28E5F5A1E01B9F200F98358 /* Tindable.swift in Sources */ = {isa = PBXBuildFile; fileRef = D28E5F591E01B9F200F98358 /* Tindable.swift */; };
/* End PBXBuildFile section */

/* Begin PBXFileReference section */
		40D991CDB70AE3EB735FCE43 /* Pods-TindableViewSample.debug.xcconfig */ = {isa = PBXFileReference; includeInIndex = 1; lastKnownFileType = text.xcconfig; name = "Pods-TindableViewSample.debug.xcconfig"; path = "Pods/Target Support Files/Pods-TindableViewSample/Pods-TindableViewSample.debug.xcconfig"; sourceTree = "<group>"; };
		641CB612364A1D3FC8BFF008 /* Pods_TindableViewSample.framework */ = {isa = PBXFileReference; explicitFileType = wrapper.framework; includeInIndex = 0; path = Pods_TindableViewSample.framework; sourceTree = BUILT_PRODUCTS_DIR; };
		D13ED1A137DDE2478D92BDC2 /* Pods-TindableViewSample.release.xcconfig */ = {isa = PBXFileReference; includeInIndex = 1; lastKnownFileType = text.xcconfig; name = "Pods-TindableViewSample.release.xcconfig"; path = "Pods/Target Support Files/Pods-TindableViewSample/Pods-TindableViewSample.release.xcconfig"; sourceTree = "<group>"; };
		D28E5F441E01B1BE00F98358 /* TindableViewSample.app */ = {isa = PBXFileReference; explicitFileType = wrapper.application; includeInIndex = 0; path = TindableViewSample.app; sourceTree = BUILT_PRODUCTS_DIR; };
		D28E5F471E01B1BE00F98358 /* AppDelegate.swift */ = {isa = PBXFileReference; lastKnownFileType = sourcecode.swift; path = AppDelegate.swift; sourceTree = "<group>"; };
		D28E5F491E01B1BE00F98358 /* ViewController.swift */ = {isa = PBXFileReference; lastKnownFileType = sourcecode.swift; path = ViewController.swift; sourceTree = "<group>"; };
		D28E5F4E1E01B1BE00F98358 /* Assets.xcassets */ = {isa = PBXFileReference; lastKnownFileType = folder.assetcatalog; path = Assets.xcassets; sourceTree = "<group>"; };
		D28E5F511E01B1BE00F98358 /* Base */ = {isa = PBXFileReference; lastKnownFileType = file.storyboard; name = Base; path = Base.lproj/LaunchScreen.storyboard; sourceTree = "<group>"; };
		D28E5F531E01B1BE00F98358 /* Info.plist */ = {isa = PBXFileReference; lastKnownFileType = text.plist.xml; path = Info.plist; sourceTree = "<group>"; };
		D28E5F591E01B9F200F98358 /* Tindable.swift */ = {isa = PBXFileReference; fileEncoding = 4; lastKnownFileType = sourcecode.swift; path = Tindable.swift; sourceTree = "<group>"; };
/* End PBXFileReference section */

/* Begin PBXFrameworksBuildPhase section */
		D28E5F411E01B1BE00F98358 /* Frameworks */ = {
			isa = PBXFrameworksBuildPhase;
			buildActionMask = 2147483647;
			files = (
				2B209DB04E3F16EAB7934CBD /* Pods_TindableViewSample.framework in Frameworks */,
			);
			runOnlyForDeploymentPostprocessing = 0;
		};
/* End PBXFrameworksBuildPhase section */

/* Begin PBXGroup section */
		A4DF66223051AFE6139955B4 /* Pods */ = {
			isa = PBXGroup;
			children = (
				40D991CDB70AE3EB735FCE43 /* Pods-TindableViewSample.debug.xcconfig */,
				D13ED1A137DDE2478D92BDC2 /* Pods-TindableViewSample.release.xcconfig */,
			);
			name = Pods;
			sourceTree = "<group>";
		};
		D28E5F3B1E01B1BE00F98358 = {
			isa = PBXGroup;
			children = (
				D28E5F461E01B1BE00F98358 /* TindableViewSample */,
				D28E5F451E01B1BE00F98358 /* Products */,
				A4DF66223051AFE6139955B4 /* Pods */,
				F466B0CDDF221C9221BB799C /* Frameworks */,
			);
			sourceTree = "<group>";
		};
		D28E5F451E01B1BE00F98358 /* Products */ = {
			isa = PBXGroup;
			children = (
				D28E5F441E01B1BE00F98358 /* TindableViewSample.app */,
			);
			name = Products;
			sourceTree = "<group>";
		};
		D28E5F461E01B1BE00F98358 /* TindableViewSample */ = {
			isa = PBXGroup;
			children = (
				D28E5F471E01B1BE00F98358 /* AppDelegate.swift */,
				D28E5F491E01B1BE00F98358 /* ViewController.swift */,
				D28E5F591E01B9F200F98358 /* Tindable.swift */,
				D28E5F4E1E01B1BE00F98358 /* Assets.xcassets */,
				D28E5F501E01B1BE00F98358 /* LaunchScreen.storyboard */,
				D28E5F531E01B1BE00F98358 /* Info.plist */,
			);
			path = TindableViewSample;
			sourceTree = "<group>";
		};
		F466B0CDDF221C9221BB799C /* Frameworks */ = {
			isa = PBXGroup;
			children = (
				641CB612364A1D3FC8BFF008 /* Pods_TindableViewSample.framework */,
			);
			name = Frameworks;
			sourceTree = "<group>";
		};
/* End PBXGroup section */

/* Begin PBXNativeTarget section */
		D28E5F431E01B1BE00F98358 /* TindableViewSample */ = {
			isa = PBXNativeTarget;
			buildConfigurationList = D28E5F561E01B1BE00F98358 /* Build configuration list for PBXNativeTarget "TindableViewSample" */;
			buildPhases = (
				9EDD6492750B46DD1D93F3A4 /* [CP] Check Pods Manifest.lock */,
				D28E5F401E01B1BE00F98358 /* Sources */,
				D28E5F411E01B1BE00F98358 /* Frameworks */,
				D28E5F421E01B1BE00F98358 /* Resources */,
				12A152BD886AD8DB2F8D9AE9 /* [CP] Embed Pods Frameworks */,
				DAFAADF978BC14C7E9904E25 /* [CP] Copy Pods Resources */,
			);
			buildRules = (
			);
			dependencies = (
			);
			name = TindableViewSample;
			productName = TindableViewSample;
			productReference = D28E5F441E01B1BE00F98358 /* TindableViewSample.app */;
			productType = "com.apple.product-type.application";
		};
/* End PBXNativeTarget section */

/* Begin PBXProject section */
		D28E5F3C1E01B1BE00F98358 /* Project object */ = {
			isa = PBXProject;
			attributes = {
				LastSwiftUpdateCheck = 0810;
				LastUpgradeCheck = 0810;
				ORGANIZATIONNAME = TinderSample;
				TargetAttributes = {
					D28E5F431E01B1BE00F98358 = {
						CreatedOnToolsVersion = 8.1;
						DevelopmentTeam = 4NV77D6BUZ;
						LastSwiftMigration = 0810;
						ProvisioningStyle = Automatic;
					};
				};
			};
			buildConfigurationList = D28E5F3F1E01B1BE00F98358 /* Build configuration list for PBXProject "TindableViewSample" */;
			compatibilityVersion = "Xcode 3.2";
			developmentRegion = English;
			hasScannedForEncodings = 0;
			knownRegions = (
				en,
				Base,
			);
			mainGroup = D28E5F3B1E01B1BE00F98358;
			productRefGroup = D28E5F451E01B1BE00F98358 /* Products */;
			projectDirPath = "";
			projectRoot = "";
			targets = (
				D28E5F431E01B1BE00F98358 /* TindableViewSample */,
			);
		};
/* End PBXProject section */

/* Begin PBXResourcesBuildPhase section */
		D28E5F421E01B1BE00F98358 /* Resources */ = {
			isa = PBXResourcesBuildPhase;
			buildActionMask = 2147483647;
			files = (
				D28E5F521E01B1BE00F98358 /* LaunchScreen.storyboard in Resources */,
				D28E5F4F1E01B1BE00F98358 /* Assets.xcassets in Resources */,
			);
			runOnlyForDeploymentPostprocessing = 0;
		};
/* End PBXResourcesBuildPhase section */

/* Begin PBXShellScriptBuildPhase section */
		12A152BD886AD8DB2F8D9AE9 /* [CP] Embed Pods Frameworks */ = {
			isa = PBXShellScriptBuildPhase;
			buildActionMask = 2147483647;
			files = (
			);
			inputPaths = (
			);
			name = "[CP] Embed Pods Frameworks";
			outputPaths = (
			);
			runOnlyForDeploymentPostprocessing = 0;
			shellPath = /bin/sh;
			shellScript = "\"${SRCROOT}/Pods/Target Support Files/Pods-TindableViewSample/Pods-TindableViewSample-frameworks.sh\"\n";
			showEnvVarsInLog = 0;
		};
		9EDD6492750B46DD1D93F3A4 /* [CP] Check Pods Manifest.lock */ = {
			isa = PBXShellScriptBuildPhase;
			buildActionMask = 2147483647;
			files = (
			);
			inputPaths = (
			);
			name = "[CP] Check Pods Manifest.lock";
			outputPaths = (
			);
			runOnlyForDeploymentPostprocessing = 0;
			shellPath = /bin/sh;
			shellScript = "diff \"${PODS_ROOT}/../Podfile.lock\" \"${PODS_ROOT}/Manifest.lock\" > /dev/null\nif [ $? != 0 ] ; then\n    # print error to STDERR\n    echo \"error: The sandbox is not in sync with the Podfile.lock. Run 'pod install' or update your CocoaPods installation.\" >&2\n    exit 1\nfi\n";
			showEnvVarsInLog = 0;
		};
		DAFAADF978BC14C7E9904E25 /* [CP] Copy Pods Resources */ = {
			isa = PBXShellScriptBuildPhase;
			buildActionMask = 2147483647;
			files = (
			);
			inputPaths = (
			);
			name = "[CP] Copy Pods Resources";
			outputPaths = (
			);
			runOnlyForDeploymentPostprocessing = 0;
			shellPath = /bin/sh;
			shellScript = "\"${SRCROOT}/Pods/Target Support Files/Pods-TindableViewSample/Pods-TindableViewSample-resources.sh\"\n";
			showEnvVarsInLog = 0;
		};
/* End PBXShellScriptBuildPhase section */

/* Begin PBXSourcesBuildPhase section */
		D28E5F401E01B1BE00F98358 /* Sources */ = {
			isa = PBXSourcesBuildPhase;
			buildActionMask = 2147483647;
			files = (
				D28E5F4A1E01B1BE00F98358 /* ViewController.swift in Sources */,
				D28E5F481E01B1BE00F98358 /* AppDelegate.swift in Sources */,
				D28E5F5A1E01B9F200F98358 /* Tindable.swift in Sources */,
			);
			runOnlyForDeploymentPostprocessing = 0;
		};
/* End PBXSourcesBuildPhase section */

/* Begin PBXVariantGroup section */
		D28E5F501E01B1BE00F98358 /* LaunchScreen.storyboard */ = {
			isa = PBXVariantGroup;
			children = (
				D28E5F511E01B1BE00F98358 /* Base */,
			);
			name = LaunchScreen.storyboard;
			sourceTree = "<group>";
		};
/* End PBXVariantGroup section */

/* Begin XCBuildConfiguration section */
		D28E5F541E01B1BE00F98358 /* Debug */ = {
			isa = XCBuildConfiguration;
			buildSettings = {
				ALWAYS_SEARCH_USER_PATHS = NO;
				CLANG_ANALYZER_NONNULL = YES;
				CLANG_CXX_LANGUAGE_STANDARD = "gnu++0x";
				CLANG_CXX_LIBRARY = "libc++";
				CLANG_ENABLE_MODULES = YES;
				CLANG_ENABLE_OBJC_ARC = YES;
				CLANG_WARN_BOOL_CONVERSION = YES;
				CLANG_WARN_CONSTANT_CONVERSION = YES;
				CLANG_WARN_DIRECT_OBJC_ISA_USAGE = YES_ERROR;
				CLANG_WARN_DOCUMENTATION_COMMENTS = YES;
				CLANG_WARN_EMPTY_BODY = YES;
				CLANG_WARN_ENUM_CONVERSION = YES;
				CLANG_WARN_INFINITE_RECURSION = YES;
				CLANG_WARN_INT_CONVERSION = YES;
				CLANG_WARN_OBJC_ROOT_CLASS = YES_ERROR;
				CLANG_WARN_SUSPICIOUS_MOVES = YES;
				CLANG_WARN_UNREACHABLE_CODE = YES;
				CLANG_WARN__DUPLICATE_METHOD_MATCH = YES;
				"CODE_SIGN_IDENTITY[sdk=iphoneos*]" = "iPhone Developer";
				COPY_PHASE_STRIP = NO;
				DEBUG_INFORMATION_FORMAT = dwarf;
				ENABLE_STRICT_OBJC_MSGSEND = YES;
				ENABLE_TESTABILITY = YES;
				GCC_C_LANGUAGE_STANDARD = gnu99;
				GCC_DYNAMIC_NO_PIC = NO;
				GCC_NO_COMMON_BLOCKS = YES;
				GCC_OPTIMIZATION_LEVEL = 0;
				GCC_PREPROCESSOR_DEFINITIONS = (
					"DEBUG=1",
					"$(inherited)",
				);
				GCC_WARN_64_TO_32_BIT_CONVERSION = YES;
				GCC_WARN_ABOUT_RETURN_TYPE = YES_ERROR;
				GCC_WARN_UNDECLARED_SELECTOR = YES;
				GCC_WARN_UNINITIALIZED_AUTOS = YES_AGGRESSIVE;
				GCC_WARN_UNUSED_FUNCTION = YES;
				GCC_WARN_UNUSED_VARIABLE = YES;
				IPHONEOS_DEPLOYMENT_TARGET = 10.1;
				MTL_ENABLE_DEBUG_INFO = YES;
				ONLY_ACTIVE_ARCH = YES;
				SDKROOT = iphoneos;
				SWIFT_ACTIVE_COMPILATION_CONDITIONS = DEBUG;
				SWIFT_OPTIMIZATION_LEVEL = "-Onone";
				SWIFT_VERSION = "";
			};
			name = Debug;
		};
		D28E5F551E01B1BE00F98358 /* Release */ = {
			isa = XCBuildConfiguration;
			buildSettings = {
				ALWAYS_SEARCH_USER_PATHS = NO;
				CLANG_ANALYZER_NONNULL = YES;
				CLANG_CXX_LANGUAGE_STANDARD = "gnu++0x";
				CLANG_CXX_LIBRARY = "libc++";
				CLANG_ENABLE_MODULES = YES;
				CLANG_ENABLE_OBJC_ARC = YES;
				CLANG_WARN_BOOL_CONVERSION = YES;
				CLANG_WARN_CONSTANT_CONVERSION = YES;
				CLANG_WARN_DIRECT_OBJC_ISA_USAGE = YES_ERROR;
				CLANG_WARN_DOCUMENTATION_COMMENTS = YES;
				CLANG_WARN_EMPTY_BODY = YES;
				CLANG_WARN_ENUM_CONVERSION = YES;
				CLANG_WARN_INFINITE_RECURSION = YES;
				CLANG_WARN_INT_CONVERSION = YES;
				CLANG_WARN_OBJC_ROOT_CLASS = YES_ERROR;
				CLANG_WARN_SUSPICIOUS_MOVES = YES;
				CLANG_WARN_UNREACHABLE_CODE = YES;
				CLANG_WARN__DUPLICATE_METHOD_MATCH = YES;
				"CODE_SIGN_IDENTITY[sdk=iphoneos*]" = "iPhone Developer";
				COPY_PHASE_STRIP = NO;
				DEBUG_INFORMATION_FORMAT = "dwarf-with-dsym";
				ENABLE_NS_ASSERTIONS = NO;
				ENABLE_STRICT_OBJC_MSGSEND = YES;
				GCC_C_LANGUAGE_STANDARD = gnu99;
				GCC_NO_COMMON_BLOCKS = YES;
				GCC_WARN_64_TO_32_BIT_CONVERSION = YES;
				GCC_WARN_ABOUT_RETURN_TYPE = YES_ERROR;
				GCC_WARN_UNDECLARED_SELECTOR = YES;
				GCC_WARN_UNINITIALIZED_AUTOS = YES_AGGRESSIVE;
				GCC_WARN_UNUSED_FUNCTION = YES;
				GCC_WARN_UNUSED_VARIABLE = YES;
				IPHONEOS_DEPLOYMENT_TARGET = 10.1;
				MTL_ENABLE_DEBUG_INFO = NO;
				SDKROOT = iphoneos;
				SWIFT_OPTIMIZATION_LEVEL = "-Owholemodule";
				SWIFT_VERSION = "";
				VALIDATE_PRODUCT = YES;
			};
			name = Release;
		};
		D28E5F571E01B1BE00F98358 /* Debug */ = {
			isa = XCBuildConfiguration;
			baseConfigurationReference = 40D991CDB70AE3EB735FCE43 /* Pods-TindableViewSample.debug.xcconfig */;
			buildSettings = {
				ASSETCATALOG_COMPILER_APPICON_NAME = AppIcon;
				DEVELOPMENT_TEAM = 4NV77D6BUZ;
				INFOPLIST_FILE = TindableViewSample/Info.plist;
				LD_RUNPATH_SEARCH_PATHS = "$(inherited) @executable_path/Frameworks";
				PRODUCT_BUNDLE_IDENTIFIER = com.tindersample.TindableViewSample;
				PRODUCT_NAME = "$(TARGET_NAME)";
				SWIFT_VERSION = 3.0;
			};
			name = Debug;
		};
		D28E5F581E01B1BE00F98358 /* Release */ = {
			isa = XCBuildConfiguration;
			baseConfigurationReference = D13ED1A137DDE2478D92BDC2 /* Pods-TindableViewSample.release.xcconfig */;
			buildSettings = {
				ASSETCATALOG_COMPILER_APPICON_NAME = AppIcon;
				DEVELOPMENT_TEAM = 4NV77D6BUZ;
				INFOPLIST_FILE = TindableViewSample/Info.plist;
				LD_RUNPATH_SEARCH_PATHS = "$(inherited) @executable_path/Frameworks";
				PRODUCT_BUNDLE_IDENTIFIER = com.tindersample.TindableViewSample;
				PRODUCT_NAME = "$(TARGET_NAME)";
				SWIFT_VERSION = 3.0;
			};
			name = Release;
		};
/* End XCBuildConfiguration section */

/* Begin XCConfigurationList section */
		D28E5F3F1E01B1BE00F98358 /* Build configuration list for PBXProject "TindableViewSample" */ = {
			isa = XCConfigurationList;
			buildConfigurations = (
				D28E5F541E01B1BE00F98358 /* Debug */,
				D28E5F551E01B1BE00F98358 /* Release */,
			);
			defaultConfigurationIsVisible = 0;
			defaultConfigurationName = Release;
		};
		D28E5F561E01B1BE00F98358 /* Build configuration list for PBXNativeTarget "TindableViewSample" */ = {
			isa = XCConfigurationList;
			buildConfigurations = (
				D28E5F571E01B1BE00F98358 /* Debug */,
				D28E5F581E01B1BE00F98358 /* Release */,
			);
			defaultConfigurationIsVisible = 0;
			defaultConfigurationName = Release;
		};
/* End XCConfigurationList section */
	};
	rootObject = D28E5F3C1E01B1BE00F98358 /* Project object */;
}
